
Microsoft Visual Studio Solution File, Format Version 12.00
# Visual Studio Version 17
VisualStudioVersion = 17.5.33516.290
MinimumVisualStudioVersion = 10.0.40219.1
Project("{FAE04EC0-301F-11D3-BF4B-00C04F79EFBC}") = "Multi threaded merge sort", "Multi threaded merge sort\Multi threaded merge sort.csproj", "{F4A9D779-7749-4FA0-A068-AC312F3BB166}"
EndProject
Global
	GlobalSection(SolutionConfigurationPlatforms) = preSolution
		Debug|Any CPU = Debug|Any CPU
		Release|Any CPU = Release|Any CPU
	EndGlobalSection
	GlobalSection(ProjectConfigurationPlatforms) = postSolution
		{F4A9D779-7749-4FA0-A068-AC312F3BB166}.Debug|Any CPU.ActiveCfg = Debug|Any CPU
		{F4A9D779-7749-4FA0-A068-AC312F3BB166}.Debug|Any CPU.Build.0 = Debug|Any CPU
		{F4A9D779-7749-4FA0-A068-AC312F3BB166}.Release|Any CPU.ActiveCfg = Release|Any CPU
		{F4A9D779-7749-4FA0-A068-AC312F3BB166}.Release|Any CPU.Build.0 = Release|Any CPU
	EndGlobalSection
	GlobalSection(SolutionProperties) = preSolution
		HideSolutionNode = FALSE
	EndGlobalSection
	GlobalSection(ExtensibilityGlobals) = postSolution
		SolutionGuid = {145DE644-B069-46B3-9DEC-25D4971852BD}
	EndGlobalSection
EndGlobal
