
Microsoft Visual Studio Solution File, Format Version 12.00
# Visual Studio Version 17
VisualStudioVersion = 17.5.33516.290
MinimumVisualStudioVersion = 10.0.40219.1
Project("{FAE04EC0-301F-11D3-BF4B-00C04F79EFBC}") = "Hackathon", "Hackathon\Hackathon.csproj", "{6572F8C5-595A-425E-9F2F-38A58DA405BF}"
EndProject
Global
	GlobalSection(SolutionConfigurationPlatforms) = preSolution
		Debug|Any CPU = Debug|Any CPU
		Release|Any CPU = Release|Any CPU
	EndGlobalSection
	GlobalSection(ProjectConfigurationPlatforms) = postSolution
		{6572F8C5-595A-425E-9F2F-38A58DA405BF}.Debug|Any CPU.ActiveCfg = Debug|Any CPU
		{6572F8C5-595A-425E-9F2F-38A58DA405BF}.Debug|Any CPU.Build.0 = Debug|Any CPU
		{6572F8C5-595A-425E-9F2F-38A58DA405BF}.Release|Any CPU.ActiveCfg = Release|Any CPU
		{6572F8C5-595A-425E-9F2F-38A58DA405BF}.Release|Any CPU.Build.0 = Release|Any CPU
	EndGlobalSection
	GlobalSection(SolutionProperties) = preSolution
		HideSolutionNode = FALSE
	EndGlobalSection
	GlobalSection(ExtensibilityGlobals) = postSolution
		SolutionGuid = {F9261015-D017-4692-AECD-FA9942EB1344}
	EndGlobalSection
EndGlobal
